// !$*UTF8*$!
{
	archiveVersion = 1;
	classes = {
	};
	objectVersion = 46;
	objects = {

/* Begin PBXBuildFile section */
		A66698A818F92DE3006CD73E /* TableViewController.m in Sources */ = {isa = PBXBuildFile; fileRef = A66698A718F92DE3006CD73E /* TableViewController.m */; };
		A66EABDB18D2AF9B00CDF938 /* Foundation.framework in Frameworks */ = {isa = PBXBuildFile; fileRef = A66EABDA18D2AF9B00CDF938 /* Foundation.framework */; };
		A66EABDD18D2AF9B00CDF938 /* CoreGraphics.framework in Frameworks */ = {isa = PBXBuildFile; fileRef = A66EABDC18D2AF9B00CDF938 /* CoreGraphics.framework */; };
		A66EABDF18D2AF9B00CDF938 /* UIKit.framework in Frameworks */ = {isa = PBXBuildFile; fileRef = A66EABDE18D2AF9B00CDF938 /* UIKit.framework */; };
		A66EABE518D2AF9B00CDF938 /* InfoPlist.strings in Resources */ = {isa = PBXBuildFile; fileRef = A66EABE318D2AF9B00CDF938 /* InfoPlist.strings */; };
		A66EABE718D2AF9B00CDF938 /* main.m in Sources */ = {isa = PBXBuildFile; fileRef = A66EABE618D2AF9B00CDF938 /* main.m */; };
		A66EABEB18D2AF9B00CDF938 /* AppDelegate.m in Sources */ = {isa = PBXBuildFile; fileRef = A66EABEA18D2AF9B00CDF938 /* AppDelegate.m */; };
		A66EABEE18D2AF9B00CDF938 /* Main.storyboard in Resources */ = {isa = PBXBuildFile; fileRef = A66EABEC18D2AF9B00CDF938 /* Main.storyboard */; };
		A66EABF318D2AF9B00CDF938 /* Images.xcassets in Resources */ = {isa = PBXBuildFile; fileRef = A66EABF218D2AF9B00CDF938 /* Images.xcassets */; };
		A66EABFA18D2AF9B00CDF938 /* XCTest.framework in Frameworks */ = {isa = PBXBuildFile; fileRef = A66EABF918D2AF9B00CDF938 /* XCTest.framework */; };
		A66EABFB18D2AF9B00CDF938 /* Foundation.framework in Frameworks */ = {isa = PBXBuildFile; fileRef = A66EABDA18D2AF9B00CDF938 /* Foundation.framework */; };
		A66EABFC18D2AF9B00CDF938 /* UIKit.framework in Frameworks */ = {isa = PBXBuildFile; fileRef = A66EABDE18D2AF9B00CDF938 /* UIKit.framework */; };
		A66EAC0418D2AF9B00CDF938 /* InfoPlist.strings in Resources */ = {isa = PBXBuildFile; fileRef = A66EAC0218D2AF9B00CDF938 /* InfoPlist.strings */; };
		A66EAC0618D2AF9B00CDF938 /* NonestTests.m in Sources */ = {isa = PBXBuildFile; fileRef = A66EAC0518D2AF9B00CDF938 /* NonestTests.m */; };
		A66EACF718D2B05C00CDF938 /* Security.framework in Frameworks */ = {isa = PBXBuildFile; fileRef = A66EACF618D2B05C00CDF938 /* Security.framework */; };
		A66EACF918D2B06400CDF938 /* StoreKit.framework in Frameworks */ = {isa = PBXBuildFile; fileRef = A66EACF818D2B06400CDF938 /* StoreKit.framework */; };
		A66EACFB18D2B7A100CDF938 /* MobileCoreServices.framework in Frameworks */ = {isa = PBXBuildFile; fileRef = A66EACFA18D2B7A100CDF938 /* MobileCoreServices.framework */; };
		A66EACFD18D2B7F500CDF938 /* libxml2.dylib in Frameworks */ = {isa = PBXBuildFile; fileRef = A66EACFC18D2B7F500CDF938 /* libxml2.dylib */; };
		A680089A1920FD830089B9E5 /* CustomCell.xib in Resources */ = {isa = PBXBuildFile; fileRef = A68008991920FD830089B9E5 /* CustomCell.xib */; };
		A680089D1920FF0A0089B9E5 /* CustomTableViewCell.m in Sources */ = {isa = PBXBuildFile; fileRef = A680089C1920FF0A0089B9E5 /* CustomTableViewCell.m */; };
		A69351721ADCF4E400557676 /* ENAFURLConnectionOperation.m in Sources */ = {isa = PBXBuildFile; fileRef = A69350D81ADCF4E400557676 /* ENAFURLConnectionOperation.m */; };
		A69351731ADCF4E400557676 /* ENGCOAuth.m in Sources */ = {isa = PBXBuildFile; fileRef = A69350DB1ADCF4E400557676 /* ENGCOAuth.m */; };
		A69351741ADCF4E400557676 /* LICENSE in Resources */ = {isa = PBXBuildFile; fileRef = A69350DC1ADCF4E400557676 /* LICENSE */; };
		A69351751ADCF4E400557676 /* NSData+ENBase64.m in Sources */ = {isa = PBXBuildFile; fileRef = A69350DE1ADCF4E400557676 /* NSData+ENBase64.m */; };
		A69351761ADCF4E400557676 /* KSForwardingWriter.m in Sources */ = {isa = PBXBuildFile; fileRef = A69350E11ADCF4E400557676 /* KSForwardingWriter.m */; };
		A69351771ADCF4E400557676 /* KSHTMLWriter.m in Sources */ = {isa = PBXBuildFile; fileRef = A69350E31ADCF4E400557676 /* KSHTMLWriter.m */; };
		A69351781ADCF4E400557676 /* KSWriter.m in Sources */ = {isa = PBXBuildFile; fileRef = A69350E51ADCF4E400557676 /* KSWriter.m */; };
		A69351791ADCF4E400557676 /* KSXMLAttributes.m in Sources */ = {isa = PBXBuildFile; fileRef = A69350E71ADCF4E400557676 /* KSXMLAttributes.m */; };
		A693517A1ADCF4E400557676 /* KSXMLWriter.m in Sources */ = {isa = PBXBuildFile; fileRef = A69350E91ADCF4E400557676 /* KSXMLWriter.m */; };
		A693517B1ADCF4E400557676 /* LICENSE.txt in Resources */ = {isa = PBXBuildFile; fileRef = A69350EA1ADCF4E400557676 /* LICENSE.txt */; };
		A693517C1ADCF4E400557676 /* NSString+XMLAdditions.m in Sources */ = {isa = PBXBuildFile; fileRef = A69350EC1ADCF4E400557676 /* NSString+XMLAdditions.m */; };
		A693517D1ADCF4E400557676 /* LICENSE in Resources */ = {isa = PBXBuildFile; fileRef = A69350EE1ADCF4E400557676 /* LICENSE */; };
		A693517E1ADCF4E400557676 /* NSString+URLEncoding.m in Sources */ = {isa = PBXBuildFile; fileRef = A69350F01ADCF4E400557676 /* NSString+URLEncoding.m */; };
		A693517F1ADCF4E400557676 /* LICENSE in Resources */ = {isa = PBXBuildFile; fileRef = A69350F21ADCF4E400557676 /* LICENSE */; };
		A69351801ADCF4E400557676 /* SSKeychain.m in Sources */ = {isa = PBXBuildFile; fileRef = A69350F41ADCF4E400557676 /* SSKeychain.m */; };
		A69351811ADCF4E400557676 /* LICENSE in Resources */ = {isa = PBXBuildFile; fileRef = A69350F61ADCF4E400557676 /* LICENSE */; };
		A69351821ADCF4E400557676 /* TBinaryProtocol.m in Sources */ = {isa = PBXBuildFile; fileRef = A69350F91ADCF4E400557676 /* TBinaryProtocol.m */; };
		A69351831ADCF4E400557676 /* TProtocolException.m in Sources */ = {isa = PBXBuildFile; fileRef = A69350FC1ADCF4E400557676 /* TProtocolException.m */; };
		A69351841ADCF4E400557676 /* TProtocolUtil.m in Sources */ = {isa = PBXBuildFile; fileRef = A69350FF1ADCF4E400557676 /* TProtocolUtil.m */; };
		A69351851ADCF4E400557676 /* TApplicationException.m in Sources */ = {isa = PBXBuildFile; fileRef = A69351011ADCF4E400557676 /* TApplicationException.m */; };
		A69351861ADCF4E400557676 /* TException.m in Sources */ = {isa = PBXBuildFile; fileRef = A69351031ADCF4E400557676 /* TException.m */; };
		A69351871ADCF4E400557676 /* THTTPClient.m in Sources */ = {isa = PBXBuildFile; fileRef = A693510A1ADCF4E400557676 /* THTTPClient.m */; };
		A69351881ADCF4E400557676 /* TMemoryBuffer.m in Sources */ = {isa = PBXBuildFile; fileRef = A693510C1ADCF4E400557676 /* TMemoryBuffer.m */; };
		A69351891ADCF4E400557676 /* TTransportException.m in Sources */ = {isa = PBXBuildFile; fileRef = A693510F1ADCF4E400557676 /* TTransportException.m */; };
		A693518A1ADCF4E400557676 /* EDAMErrors.m in Sources */ = {isa = PBXBuildFile; fileRef = A69351131ADCF4E400557676 /* EDAMErrors.m */; };
		A693518B1ADCF4E400557676 /* EDAMLimits.m in Sources */ = {isa = PBXBuildFile; fileRef = A69351151ADCF4E400557676 /* EDAMLimits.m */; };
		A693518C1ADCF4E400557676 /* EDAMNoteStore.m in Sources */ = {isa = PBXBuildFile; fileRef = A69351171ADCF4E400557676 /* EDAMNoteStore.m */; };
		A693518D1ADCF4E400557676 /* EDAMTypes.m in Sources */ = {isa = PBXBuildFile; fileRef = A69351191ADCF4E400557676 /* EDAMTypes.m */; };
		A693518E1ADCF4E400557676 /* EDAMUserStore.m in Sources */ = {isa = PBXBuildFile; fileRef = A693511B1ADCF4E400557676 /* EDAMUserStore.m */; };
		A693518F1ADCF4E400557676 /* EDAMNoteStoreClient+Utilities.m in Sources */ = {isa = PBXBuildFile; fileRef = A693511D1ADCF4E400557676 /* EDAMNoteStoreClient+Utilities.m */; };
		A69351901ADCF4E400557676 /* ENConstants.m in Sources */ = {isa = PBXBuildFile; fileRef = A693511F1ADCF4E400557676 /* ENConstants.m */; };
		A69351911ADCF4E400557676 /* EvernoteNoteStore+Extras.m in Sources */ = {isa = PBXBuildFile; fileRef = A69351221ADCF4E400557676 /* EvernoteNoteStore+Extras.m */; };
		A69351921ADCF4E400557676 /* EvernoteNoteStore.m in Sources */ = {isa = PBXBuildFile; fileRef = A69351241ADCF4E400557676 /* EvernoteNoteStore.m */; };
		A69351931ADCF4E400557676 /* EvernoteSDK.m in Sources */ = {isa = PBXBuildFile; fileRef = A69351261ADCF4E400557676 /* EvernoteSDK.m */; };
		A69351941ADCF4E400557676 /* EvernoteSession.m in Sources */ = {isa = PBXBuildFile; fileRef = A69351281ADCF4E400557676 /* EvernoteSession.m */; };
		A69351951ADCF4E400557676 /* EvernoteUserStore+Extras.m in Sources */ = {isa = PBXBuildFile; fileRef = A693512A1ADCF4E400557676 /* EvernoteUserStore+Extras.m */; };
		A69351961ADCF4E400557676 /* EvernoteUserStore.m in Sources */ = {isa = PBXBuildFile; fileRef = A693512C1ADCF4E400557676 /* EvernoteUserStore.m */; };
		A69351971ADCF4E400557676 /* ENApplicationBridge.m in Sources */ = {isa = PBXBuildFile; fileRef = A69351301ADCF4E400557676 /* ENApplicationBridge.m */; };
		A69351981ADCF4E400557676 /* ENAuthenticationRequest.m in Sources */ = {isa = PBXBuildFile; fileRef = A69351341ADCF4E400557676 /* ENAuthenticationRequest.m */; };
		A69351991ADCF4E400557676 /* ENLinkNotebookRequest.m in Sources */ = {isa = PBXBuildFile; fileRef = A69351361ADCF4E400557676 /* ENLinkNotebookRequest.m */; };
		A693519A1ADCF4E400557676 /* ENNewNoteRequest.m in Sources */ = {isa = PBXBuildFile; fileRef = A69351381ADCF4E400557676 /* ENNewNoteRequest.m */; };
		A693519B1ADCF4E400557676 /* ENNoteImportRequest.m in Sources */ = {isa = PBXBuildFile; fileRef = A693513A1ADCF4E400557676 /* ENNoteImportRequest.m */; };
		A693519C1ADCF4E400557676 /* ENNoteViewRequest.m in Sources */ = {isa = PBXBuildFile; fileRef = A693513C1ADCF4E400557676 /* ENNoteViewRequest.m */; };
		A693519D1ADCF4E400557676 /* ENResourceAttachment.m in Sources */ = {isa = PBXBuildFile; fileRef = A693513E1ADCF4E400557676 /* ENResourceAttachment.m */; };
		A693519E1ADCF4E400557676 /* ENSearchRequest.m in Sources */ = {isa = PBXBuildFile; fileRef = A69351401ADCF4E400557676 /* ENSearchRequest.m */; };
		A693519F1ADCF4E400557676 /* .htaccess in Resources */ = {isa = PBXBuildFile; fileRef = A69351431ADCF4E400557676 /* .htaccess */; };
		A69351A01ADCF4E400557676 /* enml.dtd in Resources */ = {isa = PBXBuildFile; fileRef = A69351441ADCF4E400557676 /* enml.dtd */; };
		A69351A11ADCF4E400557676 /* enml2.dtd in Resources */ = {isa = PBXBuildFile; fileRef = A69351451ADCF4E400557676 /* enml2.dtd */; };
		A69351A21ADCF4E400557676 /* evernote-export.dtd in Resources */ = {isa = PBXBuildFile; fileRef = A69351461ADCF4E400557676 /* evernote-export.dtd */; };
		A69351A31ADCF4E400557676 /* index.php in Resources */ = {isa = PBXBuildFile; fileRef = A69351471ADCF4E400557676 /* index.php */; };
		A69351A41ADCF4E400557676 /* promotions.dtd in Resources */ = {isa = PBXBuildFile; fileRef = A69351481ADCF4E400557676 /* promotions.dtd */; };
		A69351A51ADCF4E400557676 /* recoIndex.dtd in Resources */ = {isa = PBXBuildFile; fileRef = A69351491ADCF4E400557676 /* recoIndex.dtd */; };
		A69351A61ADCF4E400557676 /* xhtml-lat1.ent in Resources */ = {isa = PBXBuildFile; fileRef = A693514A1ADCF4E400557676 /* xhtml-lat1.ent */; };
		A69351A71ADCF4E400557676 /* xhtml-special.ent in Resources */ = {isa = PBXBuildFile; fileRef = A693514B1ADCF4E400557676 /* xhtml-special.ent */; };
		A69351A81ADCF4E400557676 /* xhtml-symbol.ent in Resources */ = {isa = PBXBuildFile; fileRef = A693514C1ADCF4E400557676 /* xhtml-symbol.ent */; };
		A69351A91ADCF4E400557676 /* xhtml1-strict.dtd in Resources */ = {isa = PBXBuildFile; fileRef = A693514D1ADCF4E400557676 /* xhtml1-strict.dtd */; };
		A69351AA1ADCF4E400557676 /* xhtml1-transitional.dtd in Resources */ = {isa = PBXBuildFile; fileRef = A693514E1ADCF4E400557676 /* xhtml1-transitional.dtd */; };
		A69351AB1ADCF4E400557676 /* ENAPI.m in Sources */ = {isa = PBXBuildFile; fileRef = A69351501ADCF4E400557676 /* ENAPI.m */; };
		A69351AC1ADCF4E400557676 /* ENCredentials.m in Sources */ = {isa = PBXBuildFile; fileRef = A69351521ADCF4E400557676 /* ENCredentials.m */; };
		A69351AD1ADCF4E400557676 /* ENCredentialStore.m in Sources */ = {isa = PBXBuildFile; fileRef = A69351541ADCF4E400557676 /* ENCredentialStore.m */; };
		A69351AE1ADCF4E400557676 /* ENOAuthViewController.m in Sources */ = {isa = PBXBuildFile; fileRef = A69351561ADCF4E400557676 /* ENOAuthViewController.m */; };
		A69351AF1ADCF4E400557676 /* EvernoteSDK.strings in Resources */ = {isa = PBXBuildFile; fileRef = A69351581ADCF4E400557676 /* EvernoteSDK.strings */; };
		A69351B01ADCF4E400557676 /* ENMLUtility.m in Sources */ = {isa = PBXBuildFile; fileRef = A693515B1ADCF4E400557676 /* ENMLUtility.m */; };
		A69351B11ADCF4E400557676 /* ENEncryptedContentInfo.m in Sources */ = {isa = PBXBuildFile; fileRef = A693515E1ADCF4E400557676 /* ENEncryptedContentInfo.m */; };
		A69351B21ADCF4E400557676 /* ENMIMEUtils.m in Sources */ = {isa = PBXBuildFile; fileRef = A69351601ADCF4E400557676 /* ENMIMEUtils.m */; };
		A69351B31ADCF4E400557676 /* ENMLWriter.m in Sources */ = {isa = PBXBuildFile; fileRef = A69351621ADCF4E400557676 /* ENMLWriter.m */; };
		A69351B41ADCF4E400557676 /* ENXMLDTD.m in Sources */ = {isa = PBXBuildFile; fileRef = A69351641ADCF4E400557676 /* ENXMLDTD.m */; };
		A69351B51ADCF4E400557676 /* ENXMLWriter.m in Sources */ = {isa = PBXBuildFile; fileRef = A69351671ADCF4E400557676 /* ENXMLWriter.m */; };
		A69351B61ADCF4E400557676 /* NSRegularExpression+ENAGRegex.m in Sources */ = {isa = PBXBuildFile; fileRef = A69351691ADCF4E400557676 /* NSRegularExpression+ENAGRegex.m */; };
		A69351B71ADCF4E400557676 /* NSString+EDAMAdditions.m in Sources */ = {isa = PBXBuildFile; fileRef = A693516A1ADCF4E400557676 /* NSString+EDAMAdditions.m */; };
		A69351B81ADCF4E400557676 /* NSData+EvernoteSDK.m in Sources */ = {isa = PBXBuildFile; fileRef = A693516D1ADCF4E400557676 /* NSData+EvernoteSDK.m */; };
		A69351B91ADCF4E400557676 /* NSDataBase64Additions.m in Sources */ = {isa = PBXBuildFile; fileRef = A693516F1ADCF4E400557676 /* NSDataBase64Additions.m */; };
		A69351BA1ADCF4E400557676 /* NSDate+EDAMAdditions.m in Sources */ = {isa = PBXBuildFile; fileRef = A69351711ADCF4E400557676 /* NSDate+EDAMAdditions.m */; };
		A6ECC06118F91C0300CC7BE3 /* WebViewController.m in Sources */ = {isa = PBXBuildFile; fileRef = A6ECC06018F91C0300CC7BE3 /* WebViewController.m */; };
/* End PBXBuildFile section */

/* Begin PBXContainerItemProxy section */
		A66EABFD18D2AF9B00CDF938 /* PBXContainerItemProxy */ = {
			isa = PBXContainerItemProxy;
			containerPortal = A66EABCF18D2AF9B00CDF938 /* Project object */;
			proxyType = 1;
			remoteGlobalIDString = A66EABD618D2AF9B00CDF938;
			remoteInfo = Nonest;
		};
/* End PBXContainerItemProxy section */

/* Begin PBXFileReference section */
		A66698A618F92DE3006CD73E /* TableViewController.h */ = {isa = PBXFileReference; fileEncoding = 4; lastKnownFileType = sourcecode.c.h; path = TableViewController.h; sourceTree = "<group>"; };
		A66698A718F92DE3006CD73E /* TableViewController.m */ = {isa = PBXFileReference; fileEncoding = 4; lastKnownFileType = sourcecode.c.objc; path = TableViewController.m; sourceTree = "<group>"; wrapsLines = 1; };
		A66EABD718D2AF9B00CDF938 /* Nonest.app */ = {isa = PBXFileReference; explicitFileType = wrapper.application; includeInIndex = 0; path = Nonest.app; sourceTree = BUILT_PRODUCTS_DIR; };
		A66EABDA18D2AF9B00CDF938 /* Foundation.framework */ = {isa = PBXFileReference; lastKnownFileType = wrapper.framework; name = Foundation.framework; path = System/Library/Frameworks/Foundation.framework; sourceTree = SDKROOT; };
		A66EABDC18D2AF9B00CDF938 /* CoreGraphics.framework */ = {isa = PBXFileReference; lastKnownFileType = wrapper.framework; name = CoreGraphics.framework; path = System/Library/Frameworks/CoreGraphics.framework; sourceTree = SDKROOT; };
		A66EABDE18D2AF9B00CDF938 /* UIKit.framework */ = {isa = PBXFileReference; lastKnownFileType = wrapper.framework; name = UIKit.framework; path = System/Library/Frameworks/UIKit.framework; sourceTree = SDKROOT; };
		A66EABE218D2AF9B00CDF938 /* Nonest-Info.plist */ = {isa = PBXFileReference; lastKnownFileType = text.plist.xml; path = "Nonest-Info.plist"; sourceTree = "<group>"; };
		A66EABE418D2AF9B00CDF938 /* en */ = {isa = PBXFileReference; lastKnownFileType = text.plist.strings; name = en; path = en.lproj/InfoPlist.strings; sourceTree = "<group>"; };
		A66EABE618D2AF9B00CDF938 /* main.m */ = {isa = PBXFileReference; lastKnownFileType = sourcecode.c.objc; path = main.m; sourceTree = "<group>"; };
		A66EABE818D2AF9B00CDF938 /* Nonest-Prefix.pch */ = {isa = PBXFileReference; lastKnownFileType = sourcecode.c.h; path = "Nonest-Prefix.pch"; sourceTree = "<group>"; };
		A66EABE918D2AF9B00CDF938 /* AppDelegate.h */ = {isa = PBXFileReference; lastKnownFileType = sourcecode.c.h; path = AppDelegate.h; sourceTree = "<group>"; };
		A66EABEA18D2AF9B00CDF938 /* AppDelegate.m */ = {isa = PBXFileReference; lastKnownFileType = sourcecode.c.objc; path = AppDelegate.m; sourceTree = "<group>"; };
		A66EABED18D2AF9B00CDF938 /* Base */ = {isa = PBXFileReference; lastKnownFileType = file.storyboard; name = Base; path = Base.lproj/Main.storyboard; sourceTree = "<group>"; };
		A66EABF218D2AF9B00CDF938 /* Images.xcassets */ = {isa = PBXFileReference; lastKnownFileType = folder.assetcatalog; path = Images.xcassets; sourceTree = "<group>"; };
		A66EABF818D2AF9B00CDF938 /* NonestTests.xctest */ = {isa = PBXFileReference; explicitFileType = wrapper.cfbundle; includeInIndex = 0; path = NonestTests.xctest; sourceTree = BUILT_PRODUCTS_DIR; };
		A66EABF918D2AF9B00CDF938 /* XCTest.framework */ = {isa = PBXFileReference; lastKnownFileType = wrapper.framework; name = XCTest.framework; path = Library/Frameworks/XCTest.framework; sourceTree = DEVELOPER_DIR; };
		A66EAC0118D2AF9B00CDF938 /* NonestTests-Info.plist */ = {isa = PBXFileReference; lastKnownFileType = text.plist.xml; path = "NonestTests-Info.plist"; sourceTree = "<group>"; };
		A66EAC0318D2AF9B00CDF938 /* en */ = {isa = PBXFileReference; lastKnownFileType = text.plist.strings; name = en; path = en.lproj/InfoPlist.strings; sourceTree = "<group>"; };
		A66EAC0518D2AF9B00CDF938 /* NonestTests.m */ = {isa = PBXFileReference; lastKnownFileType = sourcecode.c.objc; path = NonestTests.m; sourceTree = "<group>"; };
		A66EACF618D2B05C00CDF938 /* Security.framework */ = {isa = PBXFileReference; lastKnownFileType = wrapper.framework; name = Security.framework; path = System/Library/Frameworks/Security.framework; sourceTree = SDKROOT; };
		A66EACF818D2B06400CDF938 /* StoreKit.framework */ = {isa = PBXFileReference; lastKnownFileType = wrapper.framework; name = StoreKit.framework; path = System/Library/Frameworks/StoreKit.framework; sourceTree = SDKROOT; };
		A66EACFA18D2B7A100CDF938 /* MobileCoreServices.framework */ = {isa = PBXFileReference; lastKnownFileType = wrapper.framework; name = MobileCoreServices.framework; path = System/Library/Frameworks/MobileCoreServices.framework; sourceTree = SDKROOT; };
		A66EACFC18D2B7F500CDF938 /* libxml2.dylib */ = {isa = PBXFileReference; lastKnownFileType = "compiled.mach-o.dylib"; name = libxml2.dylib; path = usr/lib/libxml2.dylib; sourceTree = SDKROOT; };
		A68008991920FD830089B9E5 /* CustomCell.xib */ = {isa = PBXFileReference; fileEncoding = 4; lastKnownFileType = file.xib; path = CustomCell.xib; sourceTree = "<group>"; };
		A680089B1920FF0A0089B9E5 /* CustomTableViewCell.h */ = {isa = PBXFileReference; fileEncoding = 4; lastKnownFileType = sourcecode.c.h; path = CustomTableViewCell.h; sourceTree = "<group>"; };
		A680089C1920FF0A0089B9E5 /* CustomTableViewCell.m */ = {isa = PBXFileReference; fileEncoding = 4; lastKnownFileType = sourcecode.c.objc; path = CustomTableViewCell.m; sourceTree = "<group>"; };
		A69350D71ADCF4E400557676 /* ENAFURLConnectionOperation.h */ = {isa = PBXFileReference; fileEncoding = 4; lastKnownFileType = sourcecode.c.h; path = ENAFURLConnectionOperation.h; sourceTree = "<group>"; };
		A69350D81ADCF4E400557676 /* ENAFURLConnectionOperation.m */ = {isa = PBXFileReference; fileEncoding = 4; lastKnownFileType = sourcecode.c.objc; path = ENAFURLConnectionOperation.m; sourceTree = "<group>"; };
		A69350DA1ADCF4E400557676 /* ENGCOAuth.h */ = {isa = PBXFileReference; fileEncoding = 4; lastKnownFileType = sourcecode.c.h; path = ENGCOAuth.h; sourceTree = "<group>"; };
		A69350DB1ADCF4E400557676 /* ENGCOAuth.m */ = {isa = PBXFileReference; fileEncoding = 4; lastKnownFileType = sourcecode.c.objc; path = ENGCOAuth.m; sourceTree = "<group>"; };
		A69350DC1ADCF4E400557676 /* LICENSE */ = {isa = PBXFileReference; fileEncoding = 4; lastKnownFileType = text; path = LICENSE; sourceTree = "<group>"; };
		A69350DD1ADCF4E400557676 /* NSData+ENBase64.h */ = {isa = PBXFileReference; fileEncoding = 4; lastKnownFileType = sourcecode.c.h; path = "NSData+ENBase64.h"; sourceTree = "<group>"; };
		A69350DE1ADCF4E400557676 /* NSData+ENBase64.m */ = {isa = PBXFileReference; fileEncoding = 4; lastKnownFileType = sourcecode.c.objc; path = "NSData+ENBase64.m"; sourceTree = "<group>"; };
		A69350E01ADCF4E400557676 /* KSForwardingWriter.h */ = {isa = PBXFileReference; fileEncoding = 4; lastKnownFileType = sourcecode.c.h; path = KSForwardingWriter.h; sourceTree = "<group>"; };
		A69350E11ADCF4E400557676 /* KSForwardingWriter.m */ = {isa = PBXFileReference; fileEncoding = 4; lastKnownFileType = sourcecode.c.objc; path = KSForwardingWriter.m; sourceTree = "<group>"; };
		A69350E21ADCF4E400557676 /* KSHTMLWriter.h */ = {isa = PBXFileReference; fileEncoding = 4; lastKnownFileType = sourcecode.c.h; path = KSHTMLWriter.h; sourceTree = "<group>"; };
		A69350E31ADCF4E400557676 /* KSHTMLWriter.m */ = {isa = PBXFileReference; fileEncoding = 4; lastKnownFileType = sourcecode.c.objc; path = KSHTMLWriter.m; sourceTree = "<group>"; };
		A69350E41ADCF4E400557676 /* KSWriter.h */ = {isa = PBXFileReference; fileEncoding = 4; lastKnownFileType = sourcecode.c.h; path = KSWriter.h; sourceTree = "<group>"; };
		A69350E51ADCF4E400557676 /* KSWriter.m */ = {isa = PBXFileReference; fileEncoding = 4; lastKnownFileType = sourcecode.c.objc; path = KSWriter.m; sourceTree = "<group>"; };
		A69350E61ADCF4E400557676 /* KSXMLAttributes.h */ = {isa = PBXFileReference; fileEncoding = 4; lastKnownFileType = sourcecode.c.h; path = KSXMLAttributes.h; sourceTree = "<group>"; };
		A69350E71ADCF4E400557676 /* KSXMLAttributes.m */ = {isa = PBXFileReference; fileEncoding = 4; lastKnownFileType = sourcecode.c.objc; path = KSXMLAttributes.m; sourceTree = "<group>"; };
		A69350E81ADCF4E400557676 /* KSXMLWriter.h */ = {isa = PBXFileReference; fileEncoding = 4; lastKnownFileType = sourcecode.c.h; path = KSXMLWriter.h; sourceTree = "<group>"; };
		A69350E91ADCF4E400557676 /* KSXMLWriter.m */ = {isa = PBXFileReference; fileEncoding = 4; lastKnownFileType = sourcecode.c.objc; path = KSXMLWriter.m; sourceTree = "<group>"; };
		A69350EA1ADCF4E400557676 /* LICENSE.txt */ = {isa = PBXFileReference; fileEncoding = 4; lastKnownFileType = text; path = LICENSE.txt; sourceTree = "<group>"; };
		A69350EB1ADCF4E400557676 /* NSString+XMLAdditions.h */ = {isa = PBXFileReference; fileEncoding = 4; lastKnownFileType = sourcecode.c.h; path = "NSString+XMLAdditions.h"; sourceTree = "<group>"; };
		A69350EC1ADCF4E400557676 /* NSString+XMLAdditions.m */ = {isa = PBXFileReference; fileEncoding = 4; lastKnownFileType = sourcecode.c.objc; path = "NSString+XMLAdditions.m"; sourceTree = "<group>"; };
		A69350EE1ADCF4E400557676 /* LICENSE */ = {isa = PBXFileReference; fileEncoding = 4; lastKnownFileType = text; path = LICENSE; sourceTree = "<group>"; };
		A69350EF1ADCF4E400557676 /* NSString+URLEncoding.h */ = {isa = PBXFileReference; fileEncoding = 4; lastKnownFileType = sourcecode.c.h; path = "NSString+URLEncoding.h"; sourceTree = "<group>"; };
		A69350F01ADCF4E400557676 /* NSString+URLEncoding.m */ = {isa = PBXFileReference; fileEncoding = 4; lastKnownFileType = sourcecode.c.objc; path = "NSString+URLEncoding.m"; sourceTree = "<group>"; };
		A69350F21ADCF4E400557676 /* LICENSE */ = {isa = PBXFileReference; fileEncoding = 4; lastKnownFileType = text; path = LICENSE; sourceTree = "<group>"; };
		A69350F31ADCF4E400557676 /* SSKeychain.h */ = {isa = PBXFileReference; fileEncoding = 4; lastKnownFileType = sourcecode.c.h; path = SSKeychain.h; sourceTree = "<group>"; };
		A69350F41ADCF4E400557676 /* SSKeychain.m */ = {isa = PBXFileReference; fileEncoding = 4; lastKnownFileType = sourcecode.c.objc; path = SSKeychain.m; sourceTree = "<group>"; };
		A69350F61ADCF4E400557676 /* LICENSE */ = {isa = PBXFileReference; fileEncoding = 4; lastKnownFileType = text; path = LICENSE; sourceTree = "<group>"; };
		A69350F81ADCF4E400557676 /* TBinaryProtocol.h */ = {isa = PBXFileReference; fileEncoding = 4; lastKnownFileType = sourcecode.c.h; path = TBinaryProtocol.h; sourceTree = "<group>"; };
		A69350F91ADCF4E400557676 /* TBinaryProtocol.m */ = {isa = PBXFileReference; fileEncoding = 4; lastKnownFileType = sourcecode.c.objc; path = TBinaryProtocol.m; sourceTree = "<group>"; };
		A69350FA1ADCF4E400557676 /* TProtocol.h */ = {isa = PBXFileReference; fileEncoding = 4; lastKnownFileType = sourcecode.c.h; path = TProtocol.h; sourceTree = "<group>"; };
		A69350FB1ADCF4E400557676 /* TProtocolException.h */ = {isa = PBXFileReference; fileEncoding = 4; lastKnownFileType = sourcecode.c.h; path = TProtocolException.h; sourceTree = "<group>"; };
		A69350FC1ADCF4E400557676 /* TProtocolException.m */ = {isa = PBXFileReference; fileEncoding = 4; lastKnownFileType = sourcecode.c.objc; path = TProtocolException.m; sourceTree = "<group>"; };
		A69350FD1ADCF4E400557676 /* TProtocolFactory.h */ = {isa = PBXFileReference; fileEncoding = 4; lastKnownFileType = sourcecode.c.h; path = TProtocolFactory.h; sourceTree = "<group>"; };
		A69350FE1ADCF4E400557676 /* TProtocolUtil.h */ = {isa = PBXFileReference; fileEncoding = 4; lastKnownFileType = sourcecode.c.h; path = TProtocolUtil.h; sourceTree = "<group>"; };
		A69350FF1ADCF4E400557676 /* TProtocolUtil.m */ = {isa = PBXFileReference; fileEncoding = 4; lastKnownFileType = sourcecode.c.objc; path = TProtocolUtil.m; sourceTree = "<group>"; };
		A69351001ADCF4E400557676 /* TApplicationException.h */ = {isa = PBXFileReference; fileEncoding = 4; lastKnownFileType = sourcecode.c.h; path = TApplicationException.h; sourceTree = "<group>"; };
		A69351011ADCF4E400557676 /* TApplicationException.m */ = {isa = PBXFileReference; fileEncoding = 4; lastKnownFileType = sourcecode.c.objc; path = TApplicationException.m; sourceTree = "<group>"; };
		A69351021ADCF4E400557676 /* TException.h */ = {isa = PBXFileReference; fileEncoding = 4; lastKnownFileType = sourcecode.c.h; path = TException.h; sourceTree = "<group>"; };
		A69351031ADCF4E400557676 /* TException.m */ = {isa = PBXFileReference; fileEncoding = 4; lastKnownFileType = sourcecode.c.objc; path = TException.m; sourceTree = "<group>"; };
		A69351041ADCF4E400557676 /* Thrift.h */ = {isa = PBXFileReference; fileEncoding = 4; lastKnownFileType = sourcecode.c.h; path = Thrift.h; sourceTree = "<group>"; };
		A69351051ADCF4E400557676 /* TObjective-C.h */ = {isa = PBXFileReference; fileEncoding = 4; lastKnownFileType = sourcecode.c.h; path = "TObjective-C.h"; sourceTree = "<group>"; };
		A69351061ADCF4E400557676 /* TProcessor.h */ = {isa = PBXFileReference; fileEncoding = 4; lastKnownFileType = sourcecode.c.h; path = TProcessor.h; sourceTree = "<group>"; };
		A69351071ADCF4E400557676 /* TProcessorFactory.h */ = {isa = PBXFileReference; fileEncoding = 4; lastKnownFileType = sourcecode.c.h; path = TProcessorFactory.h; sourceTree = "<group>"; };
		A69351091ADCF4E400557676 /* THTTPClient.h */ = {isa = PBXFileReference; fileEncoding = 4; lastKnownFileType = sourcecode.c.h; path = THTTPClient.h; sourceTree = "<group>"; };
		A693510A1ADCF4E400557676 /* THTTPClient.m */ = {isa = PBXFileReference; fileEncoding = 4; lastKnownFileType = sourcecode.c.objc; path = THTTPClient.m; sourceTree = "<group>"; };
		A693510B1ADCF4E400557676 /* TMemoryBuffer.h */ = {isa = PBXFileReference; fileEncoding = 4; lastKnownFileType = sourcecode.c.h; path = TMemoryBuffer.h; sourceTree = "<group>"; };
		A693510C1ADCF4E400557676 /* TMemoryBuffer.m */ = {isa = PBXFileReference; fileEncoding = 4; lastKnownFileType = sourcecode.c.objc; path = TMemoryBuffer.m; sourceTree = "<group>"; };
		A693510D1ADCF4E400557676 /* TTransport.h */ = {isa = PBXFileReference; fileEncoding = 4; lastKnownFileType = sourcecode.c.h; path = TTransport.h; sourceTree = "<group>"; };
		A693510E1ADCF4E400557676 /* TTransportException.h */ = {isa = PBXFileReference; fileEncoding = 4; lastKnownFileType = sourcecode.c.h; path = TTransportException.h; sourceTree = "<group>"; };
		A693510F1ADCF4E400557676 /* TTransportException.m */ = {isa = PBXFileReference; fileEncoding = 4; lastKnownFileType = sourcecode.c.objc; path = TTransportException.m; sourceTree = "<group>"; };
		A69351111ADCF4E400557676 /* EDAM.h */ = {isa = PBXFileReference; fileEncoding = 4; lastKnownFileType = sourcecode.c.h; path = EDAM.h; sourceTree = "<group>"; };
		A69351121ADCF4E400557676 /* EDAMErrors.h */ = {isa = PBXFileReference; fileEncoding = 4; lastKnownFileType = sourcecode.c.h; path = EDAMErrors.h; sourceTree = "<group>"; };
		A69351131ADCF4E400557676 /* EDAMErrors.m */ = {isa = PBXFileReference; fileEncoding = 4; lastKnownFileType = sourcecode.c.objc; path = EDAMErrors.m; sourceTree = "<group>"; };
		A69351141ADCF4E400557676 /* EDAMLimits.h */ = {isa = PBXFileReference; fileEncoding = 4; lastKnownFileType = sourcecode.c.h; path = EDAMLimits.h; sourceTree = "<group>"; };
		A69351151ADCF4E400557676 /* EDAMLimits.m */ = {isa = PBXFileReference; fileEncoding = 4; lastKnownFileType = sourcecode.c.objc; path = EDAMLimits.m; sourceTree = "<group>"; };
		A69351161ADCF4E400557676 /* EDAMNoteStore.h */ = {isa = PBXFileReference; fileEncoding = 4; lastKnownFileType = sourcecode.c.h; path = EDAMNoteStore.h; sourceTree = "<group>"; };
		A69351171ADCF4E400557676 /* EDAMNoteStore.m */ = {isa = PBXFileReference; fileEncoding = 4; lastKnownFileType = sourcecode.c.objc; path = EDAMNoteStore.m; sourceTree = "<group>"; };
		A69351181ADCF4E400557676 /* EDAMTypes.h */ = {isa = PBXFileReference; fileEncoding = 4; lastKnownFileType = sourcecode.c.h; path = EDAMTypes.h; sourceTree = "<group>"; };
		A69351191ADCF4E400557676 /* EDAMTypes.m */ = {isa = PBXFileReference; fileEncoding = 4; lastKnownFileType = sourcecode.c.objc; path = EDAMTypes.m; sourceTree = "<group>"; };
		A693511A1ADCF4E400557676 /* EDAMUserStore.h */ = {isa = PBXFileReference; fileEncoding = 4; lastKnownFileType = sourcecode.c.h; path = EDAMUserStore.h; sourceTree = "<group>"; };
		A693511B1ADCF4E400557676 /* EDAMUserStore.m */ = {isa = PBXFileReference; fileEncoding = 4; lastKnownFileType = sourcecode.c.objc; path = EDAMUserStore.m; sourceTree = "<group>"; };
		A693511C1ADCF4E400557676 /* EDAMNoteStoreClient+Utilities.h */ = {isa = PBXFileReference; fileEncoding = 4; lastKnownFileType = sourcecode.c.h; path = "EDAMNoteStoreClient+Utilities.h"; sourceTree = "<group>"; };
		A693511D1ADCF4E400557676 /* EDAMNoteStoreClient+Utilities.m */ = {isa = PBXFileReference; fileEncoding = 4; lastKnownFileType = sourcecode.c.objc; path = "EDAMNoteStoreClient+Utilities.m"; sourceTree = "<group>"; };
		A693511E1ADCF4E400557676 /* ENConstants.h */ = {isa = PBXFileReference; fileEncoding = 4; lastKnownFileType = sourcecode.c.h; path = ENConstants.h; sourceTree = "<group>"; };
		A693511F1ADCF4E400557676 /* ENConstants.m */ = {isa = PBXFileReference; fileEncoding = 4; lastKnownFileType = sourcecode.c.objc; path = ENConstants.m; sourceTree = "<group>"; };
		A69351201ADCF4E400557676 /* evernote-sdk-ios-Prefix.pch */ = {isa = PBXFileReference; fileEncoding = 4; lastKnownFileType = sourcecode.c.h; path = "evernote-sdk-ios-Prefix.pch"; sourceTree = "<group>"; };
		A69351211ADCF4E400557676 /* EvernoteNoteStore+Extras.h */ = {isa = PBXFileReference; fileEncoding = 4; lastKnownFileType = sourcecode.c.h; path = "EvernoteNoteStore+Extras.h"; sourceTree = "<group>"; };
		A69351221ADCF4E400557676 /* EvernoteNoteStore+Extras.m */ = {isa = PBXFileReference; fileEncoding = 4; lastKnownFileType = sourcecode.c.objc; path = "EvernoteNoteStore+Extras.m"; sourceTree = "<group>"; };
		A69351231ADCF4E400557676 /* EvernoteNoteStore.h */ = {isa = PBXFileReference; fileEncoding = 4; lastKnownFileType = sourcecode.c.h; path = EvernoteNoteStore.h; sourceTree = "<group>"; };
		A69351241ADCF4E400557676 /* EvernoteNoteStore.m */ = {isa = PBXFileReference; fileEncoding = 4; lastKnownFileType = sourcecode.c.objc; path = EvernoteNoteStore.m; sourceTree = "<group>"; };
		A69351251ADCF4E400557676 /* EvernoteSDK.h */ = {isa = PBXFileReference; fileEncoding = 4; lastKnownFileType = sourcecode.c.h; path = EvernoteSDK.h; sourceTree = "<group>"; };
		A69351261ADCF4E400557676 /* EvernoteSDK.m */ = {isa = PBXFileReference; fileEncoding = 4; lastKnownFileType = sourcecode.c.objc; path = EvernoteSDK.m; sourceTree = "<group>"; };
		A69351271ADCF4E400557676 /* EvernoteSession.h */ = {isa = PBXFileReference; fileEncoding = 4; lastKnownFileType = sourcecode.c.h; path = EvernoteSession.h; sourceTree = "<group>"; };
		A69351281ADCF4E400557676 /* EvernoteSession.m */ = {isa = PBXFileReference; fileEncoding = 4; lastKnownFileType = sourcecode.c.objc; path = EvernoteSession.m; sourceTree = "<group>"; };
		A69351291ADCF4E400557676 /* EvernoteUserStore+Extras.h */ = {isa = PBXFileReference; fileEncoding = 4; lastKnownFileType = sourcecode.c.h; path = "EvernoteUserStore+Extras.h"; sourceTree = "<group>"; };
		A693512A1ADCF4E400557676 /* EvernoteUserStore+Extras.m */ = {isa = PBXFileReference; fileEncoding = 4; lastKnownFileType = sourcecode.c.objc; path = "EvernoteUserStore+Extras.m"; sourceTree = "<group>"; };
		A693512B1ADCF4E400557676 /* EvernoteUserStore.h */ = {isa = PBXFileReference; fileEncoding = 4; lastKnownFileType = sourcecode.c.h; path = EvernoteUserStore.h; sourceTree = "<group>"; };
		A693512C1ADCF4E400557676 /* EvernoteUserStore.m */ = {isa = PBXFileReference; fileEncoding = 4; lastKnownFileType = sourcecode.c.objc; path = EvernoteUserStore.m; sourceTree = "<group>"; };
		A693512F1ADCF4E400557676 /* ENApplicationBridge.h */ = {isa = PBXFileReference; fileEncoding = 4; lastKnownFileType = sourcecode.c.h; path = ENApplicationBridge.h; sourceTree = "<group>"; };
		A69351301ADCF4E400557676 /* ENApplicationBridge.m */ = {isa = PBXFileReference; fileEncoding = 4; lastKnownFileType = sourcecode.c.objc; path = ENApplicationBridge.m; sourceTree = "<group>"; };
		A69351311ADCF4E400557676 /* ENApplicationBridge_Private.h */ = {isa = PBXFileReference; fileEncoding = 4; lastKnownFileType = sourcecode.c.h; path = ENApplicationBridge_Private.h; sourceTree = "<group>"; };
		A69351321ADCF4E400557676 /* ENApplicationRequest.h */ = {isa = PBXFileReference; fileEncoding = 4; lastKnownFileType = sourcecode.c.h; path = ENApplicationRequest.h; sourceTree = "<group>"; };
		A69351331ADCF4E400557676 /* ENAuthenticationRequest.h */ = {isa = PBXFileReference; fileEncoding = 4; lastKnownFileType = sourcecode.c.h; path = ENAuthenticationRequest.h; sourceTree = "<group>"; };
		A69351341ADCF4E400557676 /* ENAuthenticationRequest.m */ = {isa = PBXFileReference; fileEncoding = 4; lastKnownFileType = sourcecode.c.objc; path = ENAuthenticationRequest.m; sourceTree = "<group>"; };
		A69351351ADCF4E400557676 /* ENLinkNotebookRequest.h */ = {isa = PBXFileReference; fileEncoding = 4; lastKnownFileType = sourcecode.c.h; path = ENLinkNotebookRequest.h; sourceTree = "<group>"; };
		A69351361ADCF4E400557676 /* ENLinkNotebookRequest.m */ = {isa = PBXFileReference; fileEncoding = 4; lastKnownFileType = sourcecode.c.objc; path = ENLinkNotebookRequest.m; sourceTree = "<group>"; };
		A69351371ADCF4E400557676 /* ENNewNoteRequest.h */ = {isa = PBXFileReference; fileEncoding = 4; lastKnownFileType = sourcecode.c.h; path = ENNewNoteRequest.h; sourceTree = "<group>"; };
		A69351381ADCF4E400557676 /* ENNewNoteRequest.m */ = {isa = PBXFileReference; fileEncoding = 4; lastKnownFileType = sourcecode.c.objc; path = ENNewNoteRequest.m; sourceTree = "<group>"; };
		A69351391ADCF4E400557676 /* ENNoteImportRequest.h */ = {isa = PBXFileReference; fileEncoding = 4; lastKnownFileType = sourcecode.c.h; path = ENNoteImportRequest.h; sourceTree = "<group>"; };
		A693513A1ADCF4E400557676 /* ENNoteImportRequest.m */ = {isa = PBXFileReference; fileEncoding = 4; lastKnownFileType = sourcecode.c.objc; path = ENNoteImportRequest.m; sourceTree = "<group>"; };
		A693513B1ADCF4E400557676 /* ENNoteViewRequest.h */ = {isa = PBXFileReference; fileEncoding = 4; lastKnownFileType = sourcecode.c.h; path = ENNoteViewRequest.h; sourceTree = "<group>"; };
		A693513C1ADCF4E400557676 /* ENNoteViewRequest.m */ = {isa = PBXFileReference; fileEncoding = 4; lastKnownFileType = sourcecode.c.objc; path = ENNoteViewRequest.m; sourceTree = "<group>"; };
		A693513D1ADCF4E400557676 /* ENResourceAttachment.h */ = {isa = PBXFileReference; fileEncoding = 4; lastKnownFileType = sourcecode.c.h; path = ENResourceAttachment.h; sourceTree = "<group>"; };
		A693513E1ADCF4E400557676 /* ENResourceAttachment.m */ = {isa = PBXFileReference; fileEncoding = 4; lastKnownFileType = sourcecode.c.objc; path = ENResourceAttachment.m; sourceTree = "<group>"; };
		A693513F1ADCF4E400557676 /* ENSearchRequest.h */ = {isa = PBXFileReference; fileEncoding = 4; lastKnownFileType = sourcecode.c.h; path = ENSearchRequest.h; sourceTree = "<group>"; };
		A69351401ADCF4E400557676 /* ENSearchRequest.m */ = {isa = PBXFileReference; fileEncoding = 4; lastKnownFileType = sourcecode.c.objc; path = ENSearchRequest.m; sourceTree = "<group>"; };
		A69351411ADCF4E400557676 /* EvernoteBridge.h */ = {isa = PBXFileReference; fileEncoding = 4; lastKnownFileType = sourcecode.c.h; path = EvernoteBridge.h; sourceTree = "<group>"; };
		A69351431ADCF4E400557676 /* .htaccess */ = {isa = PBXFileReference; fileEncoding = 4; lastKnownFileType = text; path = .htaccess; sourceTree = "<group>"; };
		A69351441ADCF4E400557676 /* enml.dtd */ = {isa = PBXFileReference; fileEncoding = 4; lastKnownFileType = text.xml; path = enml.dtd; sourceTree = "<group>"; };
		A69351451ADCF4E400557676 /* enml2.dtd */ = {isa = PBXFileReference; fileEncoding = 4; lastKnownFileType = text.xml; path = enml2.dtd; sourceTree = "<group>"; };
		A69351461ADCF4E400557676 /* evernote-export.dtd */ = {isa = PBXFileReference; fileEncoding = 4; lastKnownFileType = text.xml; path = "evernote-export.dtd"; sourceTree = "<group>"; };
		A69351471ADCF4E400557676 /* index.php */ = {isa = PBXFileReference; fileEncoding = 4; lastKnownFileType = text.script.php; path = index.php; sourceTree = "<group>"; };
		A69351481ADCF4E400557676 /* promotions.dtd */ = {isa = PBXFileReference; fileEncoding = 4; lastKnownFileType = text.xml; path = promotions.dtd; sourceTree = "<group>"; };
		A69351491ADCF4E400557676 /* recoIndex.dtd */ = {isa = PBXFileReference; fileEncoding = 4; lastKnownFileType = text.xml; path = recoIndex.dtd; sourceTree = "<group>"; };
		A693514A1ADCF4E400557676 /* xhtml-lat1.ent */ = {isa = PBXFileReference; fileEncoding = 4; lastKnownFileType = text; path = "xhtml-lat1.ent"; sourceTree = "<group>"; };
		A693514B1ADCF4E400557676 /* xhtml-special.ent */ = {isa = PBXFileReference; fileEncoding = 4; lastKnownFileType = text; path = "xhtml-special.ent"; sourceTree = "<group>"; };
		A693514C1ADCF4E400557676 /* xhtml-symbol.ent */ = {isa = PBXFileReference; fileEncoding = 4; lastKnownFileType = text; path = "xhtml-symbol.ent"; sourceTree = "<group>"; };
		A693514D1ADCF4E400557676 /* xhtml1-strict.dtd */ = {isa = PBXFileReference; fileEncoding = 4; lastKnownFileType = text.xml; path = "xhtml1-strict.dtd"; sourceTree = "<group>"; };
		A693514E1ADCF4E400557676 /* xhtml1-transitional.dtd */ = {isa = PBXFileReference; fileEncoding = 4; lastKnownFileType = text.xml; path = "xhtml1-transitional.dtd"; sourceTree = "<group>"; };
		A693514F1ADCF4E400557676 /* ENAPI.h */ = {isa = PBXFileReference; fileEncoding = 4; lastKnownFileType = sourcecode.c.h; path = ENAPI.h; sourceTree = "<group>"; };
		A69351501ADCF4E400557676 /* ENAPI.m */ = {isa = PBXFileReference; fileEncoding = 4; lastKnownFileType = sourcecode.c.objc; path = ENAPI.m; sourceTree = "<group>"; };
		A69351511ADCF4E400557676 /* ENCredentials.h */ = {isa = PBXFileReference; fileEncoding = 4; lastKnownFileType = sourcecode.c.h; path = ENCredentials.h; sourceTree = "<group>"; };
		A69351521ADCF4E400557676 /* ENCredentials.m */ = {isa = PBXFileReference; fileEncoding = 4; lastKnownFileType = sourcecode.c.objc; path = ENCredentials.m; sourceTree = "<group>"; };
		A69351531ADCF4E400557676 /* ENCredentialStore.h */ = {isa = PBXFileReference; fileEncoding = 4; lastKnownFileType = sourcecode.c.h; path = ENCredentialStore.h; sourceTree = "<group>"; };
		A69351541ADCF4E400557676 /* ENCredentialStore.m */ = {isa = PBXFileReference; fileEncoding = 4; lastKnownFileType = sourcecode.c.objc; path = ENCredentialStore.m; sourceTree = "<group>"; };
		A69351551ADCF4E400557676 /* ENOAuthViewController.h */ = {isa = PBXFileReference; fileEncoding = 4; lastKnownFileType = sourcecode.c.h; path = ENOAuthViewController.h; sourceTree = "<group>"; };
		A69351561ADCF4E400557676 /* ENOAuthViewController.m */ = {isa = PBXFileReference; fileEncoding = 4; lastKnownFileType = sourcecode.c.objc; path = ENOAuthViewController.m; sourceTree = "<group>"; };
		A69351581ADCF4E400557676 /* EvernoteSDK.strings */ = {isa = PBXFileReference; fileEncoding = 4; lastKnownFileType = text.plist.strings; path = EvernoteSDK.strings; sourceTree = "<group>"; };
		A693515A1ADCF4E400557676 /* ENMLUtility.h */ = {isa = PBXFileReference; fileEncoding = 4; lastKnownFileType = sourcecode.c.h; path = ENMLUtility.h; sourceTree = "<group>"; };
		A693515B1ADCF4E400557676 /* ENMLUtility.m */ = {isa = PBXFileReference; fileEncoding = 4; lastKnownFileType = sourcecode.c.objc; path = ENMLUtility.m; sourceTree = "<group>"; };
		A693515D1ADCF4E400557676 /* ENEncryptedContentInfo.h */ = {isa = PBXFileReference; fileEncoding = 4; lastKnownFileType = sourcecode.c.h; path = ENEncryptedContentInfo.h; sourceTree = "<group>"; };
		A693515E1ADCF4E400557676 /* ENEncryptedContentInfo.m */ = {isa = PBXFileReference; fileEncoding = 4; lastKnownFileType = sourcecode.c.objc; path = ENEncryptedContentInfo.m; sourceTree = "<group>"; };
		A693515F1ADCF4E400557676 /* ENMIMEUtils.h */ = {isa = PBXFileReference; fileEncoding = 4; lastKnownFileType = sourcecode.c.h; path = ENMIMEUtils.h; sourceTree = "<group>"; };
		A69351601ADCF4E400557676 /* ENMIMEUtils.m */ = {isa = PBXFileReference; fileEncoding = 4; lastKnownFileType = sourcecode.c.objc; path = ENMIMEUtils.m; sourceTree = "<group>"; };
		A69351611ADCF4E400557676 /* ENMLWriter.h */ = {isa = PBXFileReference; fileEncoding = 4; lastKnownFileType = sourcecode.c.h; path = ENMLWriter.h; sourceTree = "<group>"; };
		A69351621ADCF4E400557676 /* ENMLWriter.m */ = {isa = PBXFileReference; fileEncoding = 4; lastKnownFileType = sourcecode.c.objc; path = ENMLWriter.m; sourceTree = "<group>"; };
		A69351631ADCF4E400557676 /* ENXMLDTD.h */ = {isa = PBXFileReference; fileEncoding = 4; lastKnownFileType = sourcecode.c.h; path = ENXMLDTD.h; sourceTree = "<group>"; };
		A69351641ADCF4E400557676 /* ENXMLDTD.m */ = {isa = PBXFileReference; fileEncoding = 4; lastKnownFileType = sourcecode.c.objc; path = ENXMLDTD.m; sourceTree = "<group>"; };
		A69351651ADCF4E400557676 /* ENXMLUtils.h */ = {isa = PBXFileReference; fileEncoding = 4; lastKnownFileType = sourcecode.c.h; path = ENXMLUtils.h; sourceTree = "<group>"; };
		A69351661ADCF4E400557676 /* ENXMLWriter.h */ = {isa = PBXFileReference; fileEncoding = 4; lastKnownFileType = sourcecode.c.h; path = ENXMLWriter.h; sourceTree = "<group>"; };
		A69351671ADCF4E400557676 /* ENXMLWriter.m */ = {isa = PBXFileReference; fileEncoding = 4; lastKnownFileType = sourcecode.c.objc; path = ENXMLWriter.m; sourceTree = "<group>"; };
		A69351681ADCF4E400557676 /* NSRegularExpression+ENAGRegex.h */ = {isa = PBXFileReference; fileEncoding = 4; lastKnownFileType = sourcecode.c.h; path = "NSRegularExpression+ENAGRegex.h"; sourceTree = "<group>"; };
		A69351691ADCF4E400557676 /* NSRegularExpression+ENAGRegex.m */ = {isa = PBXFileReference; fileEncoding = 4; lastKnownFileType = sourcecode.c.objc; path = "NSRegularExpression+ENAGRegex.m"; sourceTree = "<group>"; };
		A693516A1ADCF4E400557676 /* NSString+EDAMAdditions.m */ = {isa = PBXFileReference; fileEncoding = 4; lastKnownFileType = sourcecode.c.objc; path = "NSString+EDAMAdditions.m"; sourceTree = "<group>"; };
		A693516B1ADCF4E400557676 /* NSString+EDAMNilAdditions.h */ = {isa = PBXFileReference; fileEncoding = 4; lastKnownFileType = sourcecode.c.h; path = "NSString+EDAMNilAdditions.h"; sourceTree = "<group>"; };
		A693516C1ADCF4E400557676 /* NSData+EvernoteSDK.h */ = {isa = PBXFileReference; fileEncoding = 4; lastKnownFileType = sourcecode.c.h; path = "NSData+EvernoteSDK.h"; sourceTree = "<group>"; };
		A693516D1ADCF4E400557676 /* NSData+EvernoteSDK.m */ = {isa = PBXFileReference; fileEncoding = 4; lastKnownFileType = sourcecode.c.objc; path = "NSData+EvernoteSDK.m"; sourceTree = "<group>"; };
		A693516E1ADCF4E400557676 /* NSDataBase64Additions.h */ = {isa = PBXFileReference; fileEncoding = 4; lastKnownFileType = sourcecode.c.h; path = NSDataBase64Additions.h; sourceTree = "<group>"; };
		A693516F1ADCF4E400557676 /* NSDataBase64Additions.m */ = {isa = PBXFileReference; fileEncoding = 4; lastKnownFileType = sourcecode.c.objc; path = NSDataBase64Additions.m; sourceTree = "<group>"; };
		A69351701ADCF4E400557676 /* NSDate+EDAMAdditions.h */ = {isa = PBXFileReference; fileEncoding = 4; lastKnownFileType = sourcecode.c.h; path = "NSDate+EDAMAdditions.h"; sourceTree = "<group>"; };
		A69351711ADCF4E400557676 /* NSDate+EDAMAdditions.m */ = {isa = PBXFileReference; fileEncoding = 4; lastKnownFileType = sourcecode.c.objc; path = "NSDate+EDAMAdditions.m"; sourceTree = "<group>"; };
		A6ECC05F18F91C0300CC7BE3 /* WebViewController.h */ = {isa = PBXFileReference; fileEncoding = 4; lastKnownFileType = sourcecode.c.h; path = WebViewController.h; sourceTree = "<group>"; };
		A6ECC06018F91C0300CC7BE3 /* WebViewController.m */ = {isa = PBXFileReference; fileEncoding = 4; lastKnownFileType = sourcecode.c.objc; path = WebViewController.m; sourceTree = "<group>"; };
/* End PBXFileReference section */

/* Begin PBXFrameworksBuildPhase section */
		A66EABD418D2AF9B00CDF938 /* Frameworks */ = {
			isa = PBXFrameworksBuildPhase;
			buildActionMask = 2147483647;
			files = (
				A66EACFD18D2B7F500CDF938 /* libxml2.dylib in Frameworks */,
				A66EACFB18D2B7A100CDF938 /* MobileCoreServices.framework in Frameworks */,
				A66EACF918D2B06400CDF938 /* StoreKit.framework in Frameworks */,
				A66EACF718D2B05C00CDF938 /* Security.framework in Frameworks */,
				A66EABDD18D2AF9B00CDF938 /* CoreGraphics.framework in Frameworks */,
				A66EABDF18D2AF9B00CDF938 /* UIKit.framework in Frameworks */,
				A66EABDB18D2AF9B00CDF938 /* Foundation.framework in Frameworks */,
			);
			runOnlyForDeploymentPostprocessing = 0;
		};
		A66EABF518D2AF9B00CDF938 /* Frameworks */ = {
			isa = PBXFrameworksBuildPhase;
			buildActionMask = 2147483647;
			files = (
				A66EABFA18D2AF9B00CDF938 /* XCTest.framework in Frameworks */,
				A66EABFC18D2AF9B00CDF938 /* UIKit.framework in Frameworks */,
				A66EABFB18D2AF9B00CDF938 /* Foundation.framework in Frameworks */,
			);
			runOnlyForDeploymentPostprocessing = 0;
		};
/* End PBXFrameworksBuildPhase section */

/* Begin PBXGroup section */
		A66EABCE18D2AF9B00CDF938 = {
			isa = PBXGroup;
			children = (
				A69350D41ADCF4E400557676 /* evernote-sdk-ios */,
				A66EABE018D2AF9B00CDF938 /* Nonest */,
				A66EABFF18D2AF9B00CDF938 /* NonestTests */,
				A66EABD918D2AF9B00CDF938 /* Frameworks */,
				A66EABD818D2AF9B00CDF938 /* Products */,
			);
			sourceTree = "<group>";
		};
		A66EABD818D2AF9B00CDF938 /* Products */ = {
			isa = PBXGroup;
			children = (
				A66EABD718D2AF9B00CDF938 /* Nonest.app */,
				A66EABF818D2AF9B00CDF938 /* NonestTests.xctest */,
			);
			name = Products;
			sourceTree = "<group>";
		};
		A66EABD918D2AF9B00CDF938 /* Frameworks */ = {
			isa = PBXGroup;
			children = (
				A66EACFC18D2B7F500CDF938 /* libxml2.dylib */,
				A66EACFA18D2B7A100CDF938 /* MobileCoreServices.framework */,
				A66EACF818D2B06400CDF938 /* StoreKit.framework */,
				A66EACF618D2B05C00CDF938 /* Security.framework */,
				A66EABDA18D2AF9B00CDF938 /* Foundation.framework */,
				A66EABDC18D2AF9B00CDF938 /* CoreGraphics.framework */,
				A66EABDE18D2AF9B00CDF938 /* UIKit.framework */,
				A66EABF918D2AF9B00CDF938 /* XCTest.framework */,
			);
			name = Frameworks;
			sourceTree = "<group>";
		};
		A66EABE018D2AF9B00CDF938 /* Nonest */ = {
			isa = PBXGroup;
			children = (
				A66EABE918D2AF9B00CDF938 /* AppDelegate.h */,
				A66EABEA18D2AF9B00CDF938 /* AppDelegate.m */,
				A66EABEC18D2AF9B00CDF938 /* Main.storyboard */,
				A66698A618F92DE3006CD73E /* TableViewController.h */,
				A66698A718F92DE3006CD73E /* TableViewController.m */,
				A6ECC05F18F91C0300CC7BE3 /* WebViewController.h */,
				A6ECC06018F91C0300CC7BE3 /* WebViewController.m */,
				A66EABF218D2AF9B00CDF938 /* Images.xcassets */,
				A66EABE118D2AF9B00CDF938 /* Supporting Files */,
				A68008991920FD830089B9E5 /* CustomCell.xib */,
				A680089B1920FF0A0089B9E5 /* CustomTableViewCell.h */,
				A680089C1920FF0A0089B9E5 /* CustomTableViewCell.m */,
			);
			path = Nonest;
			sourceTree = "<group>";
		};
		A66EABE118D2AF9B00CDF938 /* Supporting Files */ = {
			isa = PBXGroup;
			children = (
				A66EABE218D2AF9B00CDF938 /* Nonest-Info.plist */,
				A66EABE318D2AF9B00CDF938 /* InfoPlist.strings */,
				A66EABE618D2AF9B00CDF938 /* main.m */,
				A66EABE818D2AF9B00CDF938 /* Nonest-Prefix.pch */,
			);
			name = "Supporting Files";
			sourceTree = "<group>";
		};
		A66EABFF18D2AF9B00CDF938 /* NonestTests */ = {
			isa = PBXGroup;
			children = (
				A66EAC0518D2AF9B00CDF938 /* NonestTests.m */,
				A66EAC0018D2AF9B00CDF938 /* Supporting Files */,
			);
			path = NonestTests;
			sourceTree = "<group>";
		};
		A66EAC0018D2AF9B00CDF938 /* Supporting Files */ = {
			isa = PBXGroup;
			children = (
				A66EAC0118D2AF9B00CDF938 /* NonestTests-Info.plist */,
				A66EAC0218D2AF9B00CDF938 /* InfoPlist.strings */,
			);
			name = "Supporting Files";
			sourceTree = "<group>";
		};
		A69350D41ADCF4E400557676 /* evernote-sdk-ios */ = {
			isa = PBXGroup;
			children = (
				A69350D51ADCF4E400557676 /* 3rdParty */,
				A69351101ADCF4E400557676 /* EDAM */,
				A693511C1ADCF4E400557676 /* EDAMNoteStoreClient+Utilities.h */,
				A693511D1ADCF4E400557676 /* EDAMNoteStoreClient+Utilities.m */,
				A693511E1ADCF4E400557676 /* ENConstants.h */,
				A693511F1ADCF4E400557676 /* ENConstants.m */,
				A69351201ADCF4E400557676 /* evernote-sdk-ios-Prefix.pch */,
				A69351211ADCF4E400557676 /* EvernoteNoteStore+Extras.h */,
				A69351221ADCF4E400557676 /* EvernoteNoteStore+Extras.m */,
				A69351231ADCF4E400557676 /* EvernoteNoteStore.h */,
				A69351241ADCF4E400557676 /* EvernoteNoteStore.m */,
				A69351251ADCF4E400557676 /* EvernoteSDK.h */,
				A69351261ADCF4E400557676 /* EvernoteSDK.m */,
				A69351271ADCF4E400557676 /* EvernoteSession.h */,
				A69351281ADCF4E400557676 /* EvernoteSession.m */,
				A69351291ADCF4E400557676 /* EvernoteUserStore+Extras.h */,
				A693512A1ADCF4E400557676 /* EvernoteUserStore+Extras.m */,
				A693512B1ADCF4E400557676 /* EvernoteUserStore.h */,
				A693512C1ADCF4E400557676 /* EvernoteUserStore.m */,
				A693512D1ADCF4E400557676 /* internal */,
				A69351591ADCF4E400557676 /* Utilities */,
			);
			name = "evernote-sdk-ios";
			path = "../../../Downloads/evernote-sdk-ios-master/evernote-sdk-ios";
			sourceTree = "<group>";
		};
		A69350D51ADCF4E400557676 /* 3rdParty */ = {
			isa = PBXGroup;
			children = (
				A69350D61ADCF4E400557676 /* AFNetworking */,
				A69350D91ADCF4E400557676 /* cocoa-oauth */,
				A69350DF1ADCF4E400557676 /* KSHTMLWriter */,
				A69350ED1ADCF4E400557676 /* NSString+URLEncoding */,
				A69350F11ADCF4E400557676 /* SSKeychain */,
				A69350F51ADCF4E400557676 /* Thrift */,
			);
			path = 3rdParty;
			sourceTree = "<group>";
		};
		A69350D61ADCF4E400557676 /* AFNetworking */ = {
			isa = PBXGroup;
			children = (
				A69350D71ADCF4E400557676 /* ENAFURLConnectionOperation.h */,
				A69350D81ADCF4E400557676 /* ENAFURLConnectionOperation.m */,
			);
			path = AFNetworking;
			sourceTree = "<group>";
		};
		A69350D91ADCF4E400557676 /* cocoa-oauth */ = {
			isa = PBXGroup;
			children = (
				A69350DA1ADCF4E400557676 /* ENGCOAuth.h */,
				A69350DB1ADCF4E400557676 /* ENGCOAuth.m */,
				A69350DC1ADCF4E400557676 /* LICENSE */,
				A69350DD1ADCF4E400557676 /* NSData+ENBase64.h */,
				A69350DE1ADCF4E400557676 /* NSData+ENBase64.m */,
			);
			path = "cocoa-oauth";
			sourceTree = "<group>";
		};
		A69350DF1ADCF4E400557676 /* KSHTMLWriter */ = {
			isa = PBXGroup;
			children = (
				A69350E01ADCF4E400557676 /* KSForwardingWriter.h */,
				A69350E11ADCF4E400557676 /* KSForwardingWriter.m */,
				A69350E21ADCF4E400557676 /* KSHTMLWriter.h */,
				A69350E31ADCF4E400557676 /* KSHTMLWriter.m */,
				A69350E41ADCF4E400557676 /* KSWriter.h */,
				A69350E51ADCF4E400557676 /* KSWriter.m */,
				A69350E61ADCF4E400557676 /* KSXMLAttributes.h */,
				A69350E71ADCF4E400557676 /* KSXMLAttributes.m */,
				A69350E81ADCF4E400557676 /* KSXMLWriter.h */,
				A69350E91ADCF4E400557676 /* KSXMLWriter.m */,
				A69350EA1ADCF4E400557676 /* LICENSE.txt */,
				A69350EB1ADCF4E400557676 /* NSString+XMLAdditions.h */,
				A69350EC1ADCF4E400557676 /* NSString+XMLAdditions.m */,
			);
			path = KSHTMLWriter;
			sourceTree = "<group>";
		};
		A69350ED1ADCF4E400557676 /* NSString+URLEncoding */ = {
			isa = PBXGroup;
			children = (
				A69350EE1ADCF4E400557676 /* LICENSE */,
				A69350EF1ADCF4E400557676 /* NSString+URLEncoding.h */,
				A69350F01ADCF4E400557676 /* NSString+URLEncoding.m */,
			);
			path = "NSString+URLEncoding";
			sourceTree = "<group>";
		};
		A69350F11ADCF4E400557676 /* SSKeychain */ = {
			isa = PBXGroup;
			children = (
				A69350F21ADCF4E400557676 /* LICENSE */,
				A69350F31ADCF4E400557676 /* SSKeychain.h */,
				A69350F41ADCF4E400557676 /* SSKeychain.m */,
			);
			path = SSKeychain;
			sourceTree = "<group>";
		};
		A69350F51ADCF4E400557676 /* Thrift */ = {
			isa = PBXGroup;
			children = (
				A69350F61ADCF4E400557676 /* LICENSE */,
				A69350F71ADCF4E400557676 /* protocol */,
				A69351001ADCF4E400557676 /* TApplicationException.h */,
				A69351011ADCF4E400557676 /* TApplicationException.m */,
				A69351021ADCF4E400557676 /* TException.h */,
				A69351031ADCF4E400557676 /* TException.m */,
				A69351041ADCF4E400557676 /* Thrift.h */,
				A69351051ADCF4E400557676 /* TObjective-C.h */,
				A69351061ADCF4E400557676 /* TProcessor.h */,
				A69351071ADCF4E400557676 /* TProcessorFactory.h */,
				A69351081ADCF4E400557676 /* transport */,
			);
			path = Thrift;
			sourceTree = "<group>";
		};
		A69350F71ADCF4E400557676 /* protocol */ = {
			isa = PBXGroup;
			children = (
				A69350F81ADCF4E400557676 /* TBinaryProtocol.h */,
				A69350F91ADCF4E400557676 /* TBinaryProtocol.m */,
				A69350FA1ADCF4E400557676 /* TProtocol.h */,
				A69350FB1ADCF4E400557676 /* TProtocolException.h */,
				A69350FC1ADCF4E400557676 /* TProtocolException.m */,
				A69350FD1ADCF4E400557676 /* TProtocolFactory.h */,
				A69350FE1ADCF4E400557676 /* TProtocolUtil.h */,
				A69350FF1ADCF4E400557676 /* TProtocolUtil.m */,
			);
			path = protocol;
			sourceTree = "<group>";
		};
		A69351081ADCF4E400557676 /* transport */ = {
			isa = PBXGroup;
			children = (
				A69351091ADCF4E400557676 /* THTTPClient.h */,
				A693510A1ADCF4E400557676 /* THTTPClient.m */,
				A693510B1ADCF4E400557676 /* TMemoryBuffer.h */,
				A693510C1ADCF4E400557676 /* TMemoryBuffer.m */,
				A693510D1ADCF4E400557676 /* TTransport.h */,
				A693510E1ADCF4E400557676 /* TTransportException.h */,
				A693510F1ADCF4E400557676 /* TTransportException.m */,
			);
			path = transport;
			sourceTree = "<group>";
		};
		A69351101ADCF4E400557676 /* EDAM */ = {
			isa = PBXGroup;
			children = (
				A69351111ADCF4E400557676 /* EDAM.h */,
				A69351121ADCF4E400557676 /* EDAMErrors.h */,
				A69351131ADCF4E400557676 /* EDAMErrors.m */,
				A69351141ADCF4E400557676 /* EDAMLimits.h */,
				A69351151ADCF4E400557676 /* EDAMLimits.m */,
				A69351161ADCF4E400557676 /* EDAMNoteStore.h */,
				A69351171ADCF4E400557676 /* EDAMNoteStore.m */,
				A69351181ADCF4E400557676 /* EDAMTypes.h */,
				A69351191ADCF4E400557676 /* EDAMTypes.m */,
				A693511A1ADCF4E400557676 /* EDAMUserStore.h */,
				A693511B1ADCF4E400557676 /* EDAMUserStore.m */,
			);
			path = EDAM;
			sourceTree = "<group>";
		};
		A693512D1ADCF4E400557676 /* internal */ = {
			isa = PBXGroup;
			children = (
				A693512E1ADCF4E400557676 /* Bridge */,
				A69351421ADCF4E400557676 /* DTDs */,
				A693514F1ADCF4E400557676 /* ENAPI.h */,
				A69351501ADCF4E400557676 /* ENAPI.m */,
				A69351511ADCF4E400557676 /* ENCredentials.h */,
				A69351521ADCF4E400557676 /* ENCredentials.m */,
				A69351531ADCF4E400557676 /* ENCredentialStore.h */,
				A69351541ADCF4E400557676 /* ENCredentialStore.m */,
				A69351551ADCF4E400557676 /* ENOAuthViewController.h */,
				A69351561ADCF4E400557676 /* ENOAuthViewController.m */,
				A69351571ADCF4E400557676 /* Resources */,
			);
			path = internal;
			sourceTree = "<group>";
		};
		A693512E1ADCF4E400557676 /* Bridge */ = {
			isa = PBXGroup;
			children = (
				A693512F1ADCF4E400557676 /* ENApplicationBridge.h */,
				A69351301ADCF4E400557676 /* ENApplicationBridge.m */,
				A69351311ADCF4E400557676 /* ENApplicationBridge_Private.h */,
				A69351321ADCF4E400557676 /* ENApplicationRequest.h */,
				A69351331ADCF4E400557676 /* ENAuthenticationRequest.h */,
				A69351341ADCF4E400557676 /* ENAuthenticationRequest.m */,
				A69351351ADCF4E400557676 /* ENLinkNotebookRequest.h */,
				A69351361ADCF4E400557676 /* ENLinkNotebookRequest.m */,
				A69351371ADCF4E400557676 /* ENNewNoteRequest.h */,
				A69351381ADCF4E400557676 /* ENNewNoteRequest.m */,
				A69351391ADCF4E400557676 /* ENNoteImportRequest.h */,
				A693513A1ADCF4E400557676 /* ENNoteImportRequest.m */,
				A693513B1ADCF4E400557676 /* ENNoteViewRequest.h */,
				A693513C1ADCF4E400557676 /* ENNoteViewRequest.m */,
				A693513D1ADCF4E400557676 /* ENResourceAttachment.h */,
				A693513E1ADCF4E400557676 /* ENResourceAttachment.m */,
				A693513F1ADCF4E400557676 /* ENSearchRequest.h */,
				A69351401ADCF4E400557676 /* ENSearchRequest.m */,
				A69351411ADCF4E400557676 /* EvernoteBridge.h */,
			);
			path = Bridge;
			sourceTree = "<group>";
		};
		A69351421ADCF4E400557676 /* DTDs */ = {
			isa = PBXGroup;
			children = (
				A69351431ADCF4E400557676 /* .htaccess */,
				A69351441ADCF4E400557676 /* enml.dtd */,
				A69351451ADCF4E400557676 /* enml2.dtd */,
				A69351461ADCF4E400557676 /* evernote-export.dtd */,
				A69351471ADCF4E400557676 /* index.php */,
				A69351481ADCF4E400557676 /* promotions.dtd */,
				A69351491ADCF4E400557676 /* recoIndex.dtd */,
				A693514A1ADCF4E400557676 /* xhtml-lat1.ent */,
				A693514B1ADCF4E400557676 /* xhtml-special.ent */,
				A693514C1ADCF4E400557676 /* xhtml-symbol.ent */,
				A693514D1ADCF4E400557676 /* xhtml1-strict.dtd */,
				A693514E1ADCF4E400557676 /* xhtml1-transitional.dtd */,
			);
			path = DTDs;
			sourceTree = "<group>";
		};
		A69351571ADCF4E400557676 /* Resources */ = {
			isa = PBXGroup;
			children = (
				A69351581ADCF4E400557676 /* EvernoteSDK.strings */,
			);
			path = Resources;
			sourceTree = "<group>";
		};
		A69351591ADCF4E400557676 /* Utilities */ = {
			isa = PBXGroup;
			children = (
				A693515A1ADCF4E400557676 /* ENMLUtility.h */,
				A693515B1ADCF4E400557676 /* ENMLUtility.m */,
				A693515C1ADCF4E400557676 /* ENMLWriter */,
				A693516C1ADCF4E400557676 /* NSData+EvernoteSDK.h */,
				A693516D1ADCF4E400557676 /* NSData+EvernoteSDK.m */,
				A693516E1ADCF4E400557676 /* NSDataBase64Additions.h */,
				A693516F1ADCF4E400557676 /* NSDataBase64Additions.m */,
				A69351701ADCF4E400557676 /* NSDate+EDAMAdditions.h */,
				A69351711ADCF4E400557676 /* NSDate+EDAMAdditions.m */,
			);
			path = Utilities;
			sourceTree = "<group>";
		};
		A693515C1ADCF4E400557676 /* ENMLWriter */ = {
			isa = PBXGroup;
			children = (
				A693515D1ADCF4E400557676 /* ENEncryptedContentInfo.h */,
				A693515E1ADCF4E400557676 /* ENEncryptedContentInfo.m */,
				A693515F1ADCF4E400557676 /* ENMIMEUtils.h */,
				A69351601ADCF4E400557676 /* ENMIMEUtils.m */,
				A69351611ADCF4E400557676 /* ENMLWriter.h */,
				A69351621ADCF4E400557676 /* ENMLWriter.m */,
				A69351631ADCF4E400557676 /* ENXMLDTD.h */,
				A69351641ADCF4E400557676 /* ENXMLDTD.m */,
				A69351651ADCF4E400557676 /* ENXMLUtils.h */,
				A69351661ADCF4E400557676 /* ENXMLWriter.h */,
				A69351671ADCF4E400557676 /* ENXMLWriter.m */,
				A69351681ADCF4E400557676 /* NSRegularExpression+ENAGRegex.h */,
				A69351691ADCF4E400557676 /* NSRegularExpression+ENAGRegex.m */,
				A693516A1ADCF4E400557676 /* NSString+EDAMAdditions.m */,
				A693516B1ADCF4E400557676 /* NSString+EDAMNilAdditions.h */,
			);
			path = ENMLWriter;
			sourceTree = "<group>";
		};
/* End PBXGroup section */

/* Begin PBXNativeTarget section */
		A66EABD618D2AF9B00CDF938 /* Nonest */ = {
			isa = PBXNativeTarget;
			buildConfigurationList = A66EAC0918D2AF9B00CDF938 /* Build configuration list for PBXNativeTarget "Nonest" */;
			buildPhases = (
				A66EABD318D2AF9B00CDF938 /* Sources */,
				A66EABD418D2AF9B00CDF938 /* Frameworks */,
				A66EABD518D2AF9B00CDF938 /* Resources */,
			);
			buildRules = (
			);
			dependencies = (
			);
			name = Nonest;
			productName = Nonest;
			productReference = A66EABD718D2AF9B00CDF938 /* Nonest.app */;
			productType = "com.apple.product-type.application";
		};
		A66EABF718D2AF9B00CDF938 /* NonestTests */ = {
			isa = PBXNativeTarget;
			buildConfigurationList = A66EAC0C18D2AF9B00CDF938 /* Build configuration list for PBXNativeTarget "NonestTests" */;
			buildPhases = (
				A66EABF418D2AF9B00CDF938 /* Sources */,
				A66EABF518D2AF9B00CDF938 /* Frameworks */,
				A66EABF618D2AF9B00CDF938 /* Resources */,
			);
			buildRules = (
			);
			dependencies = (
				A66EABFE18D2AF9B00CDF938 /* PBXTargetDependency */,
			);
			name = NonestTests;
			productName = NonestTests;
			productReference = A66EABF818D2AF9B00CDF938 /* NonestTests.xctest */;
			productType = "com.apple.product-type.bundle.unit-test";
		};
/* End PBXNativeTarget section */

/* Begin PBXProject section */
		A66EABCF18D2AF9B00CDF938 /* Project object */ = {
			isa = PBXProject;
			attributes = {
				LastUpgradeCheck = 0510;
				ORGANIZATIONNAME = "細田 大志";
				TargetAttributes = {
					A66EABF718D2AF9B00CDF938 = {
						TestTargetID = A66EABD618D2AF9B00CDF938;
					};
				};
			};
			buildConfigurationList = A66EABD218D2AF9B00CDF938 /* Build configuration list for PBXProject "Nonest" */;
			compatibilityVersion = "Xcode 3.2";
			developmentRegion = English;
			hasScannedForEncodings = 0;
			knownRegions = (
				en,
				Base,
			);
			mainGroup = A66EABCE18D2AF9B00CDF938;
			productRefGroup = A66EABD818D2AF9B00CDF938 /* Products */;
			projectDirPath = "";
			projectRoot = "";
			targets = (
				A66EABD618D2AF9B00CDF938 /* Nonest */,
				A66EABF718D2AF9B00CDF938 /* NonestTests */,
			);
		};
/* End PBXProject section */

/* Begin PBXResourcesBuildPhase section */
		A66EABD518D2AF9B00CDF938 /* Resources */ = {
			isa = PBXResourcesBuildPhase;
			buildActionMask = 2147483647;
			files = (
				A693517B1ADCF4E400557676 /* LICENSE.txt in Resources */,
				A69351A01ADCF4E400557676 /* enml.dtd in Resources */,
				A66EABF318D2AF9B00CDF938 /* Images.xcassets in Resources */,
				A69351A61ADCF4E400557676 /* xhtml-lat1.ent in Resources */,
				A693517F1ADCF4E400557676 /* LICENSE in Resources */,
				A66EABE518D2AF9B00CDF938 /* InfoPlist.strings in Resources */,
				A69351A11ADCF4E400557676 /* enml2.dtd in Resources */,
				A69351A71ADCF4E400557676 /* xhtml-special.ent in Resources */,
				A693517D1ADCF4E400557676 /* LICENSE in Resources */,
				A69351A41ADCF4E400557676 /* promotions.dtd in Resources */,
				A69351A51ADCF4E400557676 /* recoIndex.dtd in Resources */,
				A680089A1920FD830089B9E5 /* CustomCell.xib in Resources */,
				A69351811ADCF4E400557676 /* LICENSE in Resources */,
				A693519F1ADCF4E400557676 /* .htaccess in Resources */,
				A66EABEE18D2AF9B00CDF938 /* Main.storyboard in Resources */,
				A69351AA1ADCF4E400557676 /* xhtml1-transitional.dtd in Resources */,
				A69351741ADCF4E400557676 /* LICENSE in Resources */,
				A69351A21ADCF4E400557676 /* evernote-export.dtd in Resources */,
				A69351A81ADCF4E400557676 /* xhtml-symbol.ent in Resources */,
				A69351AF1ADCF4E400557676 /* EvernoteSDK.strings in Resources */,
				A69351A31ADCF4E400557676 /* index.php in Resources */,
				A69351A91ADCF4E400557676 /* xhtml1-strict.dtd in Resources */,
			);
			runOnlyForDeploymentPostprocessing = 0;
		};
		A66EABF618D2AF9B00CDF938 /* Resources */ = {
			isa = PBXResourcesBuildPhase;
			buildActionMask = 2147483647;
			files = (
				A66EAC0418D2AF9B00CDF938 /* InfoPlist.strings in Resources */,
			);
			runOnlyForDeploymentPostprocessing = 0;
		};
/* End PBXResourcesBuildPhase section */

/* Begin PBXSourcesBuildPhase section */
		A66EABD318D2AF9B00CDF938 /* Sources */ = {
			isa = PBXSourcesBuildPhase;
			buildActionMask = 2147483647;
			files = (
				A69351B21ADCF4E400557676 /* ENMIMEUtils.m in Sources */,
				A69351941ADCF4E400557676 /* EvernoteSession.m in Sources */,
				A693517E1ADCF4E400557676 /* NSString+URLEncoding.m in Sources */,
				A69351861ADCF4E400557676 /* TException.m in Sources */,
				A69351911ADCF4E400557676 /* EvernoteNoteStore+Extras.m in Sources */,
				A69351961ADCF4E400557676 /* EvernoteUserStore.m in Sources */,
				A693519D1ADCF4E400557676 /* ENResourceAttachment.m in Sources */,
				A69351B01ADCF4E400557676 /* ENMLUtility.m in Sources */,
				A69351841ADCF4E400557676 /* TProtocolUtil.m in Sources */,
				A69351BA1ADCF4E400557676 /* NSDate+EDAMAdditions.m in Sources */,
				A6ECC06118F91C0300CC7BE3 /* WebViewController.m in Sources */,
				A69351721ADCF4E400557676 /* ENAFURLConnectionOperation.m in Sources */,
				A69351B91ADCF4E400557676 /* NSDataBase64Additions.m in Sources */,
				A69351921ADCF4E400557676 /* EvernoteNoteStore.m in Sources */,
				A69351AC1ADCF4E400557676 /* ENCredentials.m in Sources */,
				A69351901ADCF4E400557676 /* ENConstants.m in Sources */,
				A693518C1ADCF4E400557676 /* EDAMNoteStore.m in Sources */,
				A69351821ADCF4E400557676 /* TBinaryProtocol.m in Sources */,
				A69351951ADCF4E400557676 /* EvernoteUserStore+Extras.m in Sources */,
				A69351981ADCF4E400557676 /* ENAuthenticationRequest.m in Sources */,
				A69351751ADCF4E400557676 /* NSData+ENBase64.m in Sources */,
				A69351781ADCF4E400557676 /* KSWriter.m in Sources */,
				A69351891ADCF4E400557676 /* TTransportException.m in Sources */,
				A66EABEB18D2AF9B00CDF938 /* AppDelegate.m in Sources */,
				A69351B61ADCF4E400557676 /* NSRegularExpression+ENAGRegex.m in Sources */,
				A680089D1920FF0A0089B9E5 /* CustomTableViewCell.m in Sources */,
				A69351831ADCF4E400557676 /* TProtocolException.m in Sources */,
				A69351B81ADCF4E400557676 /* NSData+EvernoteSDK.m in Sources */,
				A693519C1ADCF4E400557676 /* ENNoteViewRequest.m in Sources */,
				A66698A818F92DE3006CD73E /* TableViewController.m in Sources */,
				A69351B71ADCF4E400557676 /* NSString+EDAMAdditions.m in Sources */,
				A69351AB1ADCF4E400557676 /* ENAPI.m in Sources */,
				A69351AD1ADCF4E400557676 /* ENCredentialStore.m in Sources */,
				A693519B1ADCF4E400557676 /* ENNoteImportRequest.m in Sources */,
				A693517C1ADCF4E400557676 /* NSString+XMLAdditions.m in Sources */,
				A693518E1ADCF4E400557676 /* EDAMUserStore.m in Sources */,
				A69351AE1ADCF4E400557676 /* ENOAuthViewController.m in Sources */,
				A69351801ADCF4E400557676 /* SSKeychain.m in Sources */,
				A69351B41ADCF4E400557676 /* ENXMLDTD.m in Sources */,
				A69351881ADCF4E400557676 /* TMemoryBuffer.m in Sources */,
				A69351B31ADCF4E400557676 /* ENMLWriter.m in Sources */,
				A69351971ADCF4E400557676 /* ENApplicationBridge.m in Sources */,
				A69351B11ADCF4E400557676 /* ENEncryptedContentInfo.m in Sources */,
				A69351851ADCF4E400557676 /* TApplicationException.m in Sources */,
				A66EABE718D2AF9B00CDF938 /* main.m in Sources */,
				A693518B1ADCF4E400557676 /* EDAMLimits.m in Sources */,
				A693519E1ADCF4E400557676 /* ENSearchRequest.m in Sources */,
				A69351991ADCF4E400557676 /* ENLinkNotebookRequest.m in Sources */,
				A69351931ADCF4E400557676 /* EvernoteSDK.m in Sources */,
				A69351771ADCF4E400557676 /* KSHTMLWriter.m in Sources */,
				A693517A1ADCF4E400557676 /* KSXMLWriter.m in Sources */,
				A69351B51ADCF4E400557676 /* ENXMLWriter.m in Sources */,
				A693518A1ADCF4E400557676 /* EDAMErrors.m in Sources */,
				A69351761ADCF4E400557676 /* KSForwardingWriter.m in Sources */,
				A69351871ADCF4E400557676 /* THTTPClient.m in Sources */,
				A693518F1ADCF4E400557676 /* EDAMNoteStoreClient+Utilities.m in Sources */,
				A69351791ADCF4E400557676 /* KSXMLAttributes.m in Sources */,
				A693518D1ADCF4E400557676 /* EDAMTypes.m in Sources */,
				A693519A1ADCF4E400557676 /* ENNewNoteRequest.m in Sources */,
				A69351731ADCF4E400557676 /* ENGCOAuth.m in Sources */,
			);
			runOnlyForDeploymentPostprocessing = 0;
		};
		A66EABF418D2AF9B00CDF938 /* Sources */ = {
			isa = PBXSourcesBuildPhase;
			buildActionMask = 2147483647;
			files = (
				A66EAC0618D2AF9B00CDF938 /* NonestTests.m in Sources */,
			);
			runOnlyForDeploymentPostprocessing = 0;
		};
/* End PBXSourcesBuildPhase section */

/* Begin PBXTargetDependency section */
		A66EABFE18D2AF9B00CDF938 /* PBXTargetDependency */ = {
			isa = PBXTargetDependency;
			target = A66EABD618D2AF9B00CDF938 /* Nonest */;
			targetProxy = A66EABFD18D2AF9B00CDF938 /* PBXContainerItemProxy */;
		};
/* End PBXTargetDependency section */

/* Begin PBXVariantGroup section */
		A66EABE318D2AF9B00CDF938 /* InfoPlist.strings */ = {
			isa = PBXVariantGroup;
			children = (
				A66EABE418D2AF9B00CDF938 /* en */,
			);
			name = InfoPlist.strings;
			sourceTree = "<group>";
		};
		A66EABEC18D2AF9B00CDF938 /* Main.storyboard */ = {
			isa = PBXVariantGroup;
			children = (
				A66EABED18D2AF9B00CDF938 /* Base */,
			);
			name = Main.storyboard;
			sourceTree = "<group>";
		};
		A66EAC0218D2AF9B00CDF938 /* InfoPlist.strings */ = {
			isa = PBXVariantGroup;
			children = (
				A66EAC0318D2AF9B00CDF938 /* en */,
			);
			name = InfoPlist.strings;
			sourceTree = "<group>";
		};
/* End PBXVariantGroup section */

/* Begin XCBuildConfiguration section */
		A66EAC0718D2AF9B00CDF938 /* Debug */ = {
			isa = XCBuildConfiguration;
			buildSettings = {
				ALWAYS_SEARCH_USER_PATHS = NO;
				CLANG_CXX_LANGUAGE_STANDARD = "gnu++0x";
				CLANG_CXX_LIBRARY = "libc++";
				CLANG_ENABLE_MODULES = YES;
				CLANG_ENABLE_OBJC_ARC = YES;
				CLANG_WARN_BOOL_CONVERSION = YES;
				CLANG_WARN_CONSTANT_CONVERSION = YES;
				CLANG_WARN_DIRECT_OBJC_ISA_USAGE = YES_ERROR;
				CLANG_WARN_EMPTY_BODY = YES;
				CLANG_WARN_ENUM_CONVERSION = YES;
				CLANG_WARN_INT_CONVERSION = YES;
				CLANG_WARN_OBJC_ROOT_CLASS = YES_ERROR;
				CLANG_WARN__DUPLICATE_METHOD_MATCH = YES;
				"CODE_SIGN_IDENTITY[sdk=iphoneos*]" = "iPhone Developer";
				COPY_PHASE_STRIP = NO;
				GCC_C_LANGUAGE_STANDARD = gnu99;
				GCC_DYNAMIC_NO_PIC = NO;
				GCC_OPTIMIZATION_LEVEL = 0;
				GCC_PREPROCESSOR_DEFINITIONS = (
					"DEBUG=1",
					"$(inherited)",
				);
				GCC_SYMBOLS_PRIVATE_EXTERN = NO;
				GCC_WARN_64_TO_32_BIT_CONVERSION = YES;
				GCC_WARN_ABOUT_RETURN_TYPE = YES_ERROR;
				GCC_WARN_UNDECLARED_SELECTOR = YES;
				GCC_WARN_UNINITIALIZED_AUTOS = YES_AGGRESSIVE;
				GCC_WARN_UNUSED_FUNCTION = YES;
				GCC_WARN_UNUSED_VARIABLE = YES;
				IPHONEOS_DEPLOYMENT_TARGET = 7.1;
				ONLY_ACTIVE_ARCH = YES;
				SDKROOT = iphoneos;
			};
			name = Debug;
		};
		A66EAC0818D2AF9B00CDF938 /* Release */ = {
			isa = XCBuildConfiguration;
			buildSettings = {
				ALWAYS_SEARCH_USER_PATHS = NO;
				CLANG_CXX_LANGUAGE_STANDARD = "gnu++0x";
				CLANG_CXX_LIBRARY = "libc++";
				CLANG_ENABLE_MODULES = YES;
				CLANG_ENABLE_OBJC_ARC = YES;
				CLANG_WARN_BOOL_CONVERSION = YES;
				CLANG_WARN_CONSTANT_CONVERSION = YES;
				CLANG_WARN_DIRECT_OBJC_ISA_USAGE = YES_ERROR;
				CLANG_WARN_EMPTY_BODY = YES;
				CLANG_WARN_ENUM_CONVERSION = YES;
				CLANG_WARN_INT_CONVERSION = YES;
				CLANG_WARN_OBJC_ROOT_CLASS = YES_ERROR;
				CLANG_WARN__DUPLICATE_METHOD_MATCH = YES;
				"CODE_SIGN_IDENTITY[sdk=iphoneos*]" = "iPhone Developer";
				COPY_PHASE_STRIP = YES;
				ENABLE_NS_ASSERTIONS = NO;
				GCC_C_LANGUAGE_STANDARD = gnu99;
				GCC_WARN_64_TO_32_BIT_CONVERSION = YES;
				GCC_WARN_ABOUT_RETURN_TYPE = YES_ERROR;
				GCC_WARN_UNDECLARED_SELECTOR = YES;
				GCC_WARN_UNINITIALIZED_AUTOS = YES_AGGRESSIVE;
				GCC_WARN_UNUSED_FUNCTION = YES;
				GCC_WARN_UNUSED_VARIABLE = YES;
				IPHONEOS_DEPLOYMENT_TARGET = 7.1;
				SDKROOT = iphoneos;
				VALIDATE_PRODUCT = YES;
			};
			name = Release;
		};
		A66EAC0A18D2AF9B00CDF938 /* Debug */ = {
			isa = XCBuildConfiguration;
			buildSettings = {
				ASSETCATALOG_COMPILER_APPICON_NAME = AppIcon;
				ASSETCATALOG_COMPILER_LAUNCHIMAGE_NAME = LaunchImage;
				GCC_PRECOMPILE_PREFIX_HEADER = YES;
				GCC_PREFIX_HEADER = "Nonest/Nonest-Prefix.pch";
				HEADER_SEARCH_PATHS = (
					"$(inherited)",
					/Applications/Xcode.app/Contents/Developer/Toolchains/XcodeDefault.xctoolchain/usr/include,
					"${SDKROOT}/usr/include/libxml2",
				);
				INFOPLIST_FILE = "Nonest/Nonest-Info.plist";
				PRODUCT_NAME = "$(TARGET_NAME)";
				WRAPPER_EXTENSION = app;
			};
			name = Debug;
		};
		A66EAC0B18D2AF9B00CDF938 /* Release */ = {
			isa = XCBuildConfiguration;
			buildSettings = {
				ASSETCATALOG_COMPILER_APPICON_NAME = AppIcon;
				ASSETCATALOG_COMPILER_LAUNCHIMAGE_NAME = LaunchImage;
				GCC_PRECOMPILE_PREFIX_HEADER = YES;
				GCC_PREFIX_HEADER = "Nonest/Nonest-Prefix.pch";
				HEADER_SEARCH_PATHS = (
					"$(inherited)",
					/Applications/Xcode.app/Contents/Developer/Toolchains/XcodeDefault.xctoolchain/usr/include,
					"${SDKROOT}/usr/include/libxml2",
				);
				INFOPLIST_FILE = "Nonest/Nonest-Info.plist";
				PRODUCT_NAME = "$(TARGET_NAME)";
				WRAPPER_EXTENSION = app;
			};
			name = Release;
		};
		A66EAC0D18D2AF9B00CDF938 /* Debug */ = {
			isa = XCBuildConfiguration;
			buildSettings = {
				BUNDLE_LOADER = "$(BUILT_PRODUCTS_DIR)/Nonest.app/Nonest";
				FRAMEWORK_SEARCH_PATHS = (
					"$(SDKROOT)/Developer/Library/Frameworks",
					"$(inherited)",
					"$(DEVELOPER_FRAMEWORKS_DIR)",
				);
				GCC_PRECOMPILE_PREFIX_HEADER = YES;
				GCC_PREFIX_HEADER = "Nonest/Nonest-Prefix.pch";
				GCC_PREPROCESSOR_DEFINITIONS = (
					"DEBUG=1",
					"$(inherited)",
				);
				INFOPLIST_FILE = "NonestTests/NonestTests-Info.plist";
				PRODUCT_NAME = "$(TARGET_NAME)";
				TEST_HOST = "$(BUNDLE_LOADER)";
				WRAPPER_EXTENSION = xctest;
			};
			name = Debug;
		};
		A66EAC0E18D2AF9B00CDF938 /* Release */ = {
			isa = XCBuildConfiguration;
			buildSettings = {
				BUNDLE_LOADER = "$(BUILT_PRODUCTS_DIR)/Nonest.app/Nonest";
				FRAMEWORK_SEARCH_PATHS = (
					"$(SDKROOT)/Developer/Library/Frameworks",
					"$(inherited)",
					"$(DEVELOPER_FRAMEWORKS_DIR)",
				);
				GCC_PRECOMPILE_PREFIX_HEADER = YES;
				GCC_PREFIX_HEADER = "Nonest/Nonest-Prefix.pch";
				INFOPLIST_FILE = "NonestTests/NonestTests-Info.plist";
				PRODUCT_NAME = "$(TARGET_NAME)";
				TEST_HOST = "$(BUNDLE_LOADER)";
				WRAPPER_EXTENSION = xctest;
			};
			name = Release;
		};
/* End XCBuildConfiguration section */

/* Begin XCConfigurationList section */
		A66EABD218D2AF9B00CDF938 /* Build configuration list for PBXProject "Nonest" */ = {
			isa = XCConfigurationList;
			buildConfigurations = (
				A66EAC0718D2AF9B00CDF938 /* Debug */,
				A66EAC0818D2AF9B00CDF938 /* Release */,
			);
			defaultConfigurationIsVisible = 0;
			defaultConfigurationName = Release;
		};
		A66EAC0918D2AF9B00CDF938 /* Build configuration list for PBXNativeTarget "Nonest" */ = {
			isa = XCConfigurationList;
			buildConfigurations = (
				A66EAC0A18D2AF9B00CDF938 /* Debug */,
				A66EAC0B18D2AF9B00CDF938 /* Release */,
			);
			defaultConfigurationIsVisible = 0;
			defaultConfigurationName = Release;
		};
		A66EAC0C18D2AF9B00CDF938 /* Build configuration list for PBXNativeTarget "NonestTests" */ = {
			isa = XCConfigurationList;
			buildConfigurations = (
				A66EAC0D18D2AF9B00CDF938 /* Debug */,
				A66EAC0E18D2AF9B00CDF938 /* Release */,
			);
			defaultConfigurationIsVisible = 0;
			defaultConfigurationName = Release;
		};
/* End XCConfigurationList section */
	};
	rootObject = A66EABCF18D2AF9B00CDF938 /* Project object */;
}
